
Microsoft Visual Studio Solution File, Format Version 12.00
# Visual Studio Version 17
VisualStudioVersion = 17.1.32421.90
MinimumVisualStudioVersion = 10.0.40219.1
Project("{FAE04EC0-301F-11D3-BF4B-00C04F79EFBC}") = "BookProject", "BookProject\BookProject.csproj", "{5CEEB9A7-C1D0-4C12-B583-D6945C859B7F}"
EndProject
Global
	GlobalSection(SolutionConfigurationPlatforms) = preSolution
		Debug|Any CPU = Debug|Any CPU
		Release|Any CPU = Release|Any CPU
	EndGlobalSection
	GlobalSection(ProjectConfigurationPlatforms) = postSolution
		{5CEEB9A7-C1D0-4C12-B583-D6945C859B7F}.Debug|Any CPU.ActiveCfg = Debug|Any CPU
		{5CEEB9A7-C1D0-4C12-B583-D6945C859B7F}.Debug|Any CPU.Build.0 = Debug|Any CPU
		{5CEEB9A7-C1D0-4C12-B583-D6945C859B7F}.Release|Any CPU.ActiveCfg = Release|Any CPU
		{5CEEB9A7-C1D0-4C12-B583-D6945C859B7F}.Release|Any CPU.Build.0 = Release|Any CPU
	EndGlobalSection
	GlobalSection(SolutionProperties) = preSolution
		HideSolutionNode = FALSE
	EndGlobalSection
	GlobalSection(ExtensibilityGlobals) = postSolution
		SolutionGuid = {88E91FCB-0A5E-4563-A03C-E4316CB951FE}
	EndGlobalSection
EndGlobal
